
Microsoft Visual Studio Solution File, Format Version 12.00
# Visual Studio Version 17
VisualStudioVersion = 17.0.31903.59
MinimumVisualStudioVersion = 10.0.40219.1
Project("{FAE04EC0-301F-11D3-BF4B-00C04F79EFBC}") = "SerilogDemo", "SerilogDemo\SerilogDemo.csproj", "{0E08E944-3A70-4848-8AA7-C56DA9F0C2BF}"
EndProject
Project("{FAE04EC0-301F-11D3-BF4B-00C04F79EFBC}") = "SerilogDemo.Extensions", "SerilogDemo.Extensions\SerilogDemo.Extensions.csproj", "{CA1962D0-C5D4-4D1C-8855-60BBC108B366}"
EndProject
Project("{FAE04EC0-301F-11D3-BF4B-00C04F79EFBC}") = "SerilogDemo.Server", "SerilogDemo.Server\SerilogDemo.Server.csproj", "{4347938D-DD06-466F-A127-3ADAB98348DB}"
EndProject
Project("{FAE04EC0-301F-11D3-BF4B-00C04F79EFBC}") = "SerilogDemo.Service", "SerilogDemo.Service\SerilogDemo.Service.csproj", "{F8AAE37E-BB6F-4958-8393-F63203DFCEFA}"
EndProject
Global
	GlobalSection(SolutionConfigurationPlatforms) = preSolution
		Debug|Any CPU = Debug|Any CPU
		Release|Any CPU = Release|Any CPU
	EndGlobalSection
	GlobalSection(ProjectConfigurationPlatforms) = postSolution
		{0E08E944-3A70-4848-8AA7-C56DA9F0C2BF}.Debug|Any CPU.ActiveCfg = Debug|Any CPU
		{0E08E944-3A70-4848-8AA7-C56DA9F0C2BF}.Debug|Any CPU.Build.0 = Debug|Any CPU
		{0E08E944-3A70-4848-8AA7-C56DA9F0C2BF}.Release|Any CPU.ActiveCfg = Release|Any CPU
		{0E08E944-3A70-4848-8AA7-C56DA9F0C2BF}.Release|Any CPU.Build.0 = Release|Any CPU
		{CA1962D0-C5D4-4D1C-8855-60BBC108B366}.Debug|Any CPU.ActiveCfg = Debug|Any CPU
		{CA1962D0-C5D4-4D1C-8855-60BBC108B366}.Debug|Any CPU.Build.0 = Debug|Any CPU
		{CA1962D0-C5D4-4D1C-8855-60BBC108B366}.Release|Any CPU.ActiveCfg = Release|Any CPU
		{CA1962D0-C5D4-4D1C-8855-60BBC108B366}.Release|Any CPU.Build.0 = Release|Any CPU
		{4347938D-DD06-466F-A127-3ADAB98348DB}.Debug|Any CPU.ActiveCfg = Debug|Any CPU
		{4347938D-DD06-466F-A127-3ADAB98348DB}.Debug|Any CPU.Build.0 = Debug|Any CPU
		{4347938D-DD06-466F-A127-3ADAB98348DB}.Release|Any CPU.ActiveCfg = Release|Any CPU
		{4347938D-DD06-466F-A127-3ADAB98348DB}.Release|Any CPU.Build.0 = Release|Any CPU
		{F8AAE37E-BB6F-4958-8393-F63203DFCEFA}.Debug|Any CPU.ActiveCfg = Debug|Any CPU
		{F8AAE37E-BB6F-4958-8393-F63203DFCEFA}.Debug|Any CPU.Build.0 = Debug|Any CPU
		{F8AAE37E-BB6F-4958-8393-F63203DFCEFA}.Release|Any CPU.ActiveCfg = Release|Any CPU
		{F8AAE37E-BB6F-4958-8393-F63203DFCEFA}.Release|Any CPU.Build.0 = Release|Any CPU
	EndGlobalSection
	GlobalSection(SolutionProperties) = preSolution
		HideSolutionNode = FALSE
	EndGlobalSection
EndGlobal
